// !$*UTF8*$!
{
	archiveVersion = 1;
	classes = {
	};
	objectVersion = 56;
	objects = {

/* Begin PBXBuildFile section */
		3112D2BA29BF981D006C0AB7 /* WallNode.swift in Sources */ = {isa = PBXBuildFile; fileRef = 3112D2B929BF981D006C0AB7 /* WallNode.swift */; };
		3112D2BC29BF983F006C0AB7 /* SideNode.swift in Sources */ = {isa = PBXBuildFile; fileRef = 3112D2BB29BF983F006C0AB7 /* SideNode.swift */; };
		3112D2BF29BF99BA006C0AB7 /* Types.swift in Sources */ = {isa = PBXBuildFile; fileRef = 3112D2BE29BF99BA006C0AB7 /* Types.swift */; };
		3112D2C129C1670E006C0AB7 /* HUDNode.swift in Sources */ = {isa = PBXBuildFile; fileRef = 3112D2C029C1670E006C0AB7 /* HUDNode.swift */; };
		31D3BA6829BEC31E00ADD58E /* AppDelegate.swift in Sources */ = {isa = PBXBuildFile; fileRef = 31D3BA6729BEC31E00ADD58E /* AppDelegate.swift */; };
		31D3BA6A29BEC31E00ADD58E /* GameScene.sks in Resources */ = {isa = PBXBuildFile; fileRef = 31D3BA6929BEC31E00ADD58E /* GameScene.sks */; };
		31D3BA6C29BEC31E00ADD58E /* Actions.sks in Resources */ = {isa = PBXBuildFile; fileRef = 31D3BA6B29BEC31E00ADD58E /* Actions.sks */; };
		31D3BA6E29BEC31E00ADD58E /* GameScene.swift in Sources */ = {isa = PBXBuildFile; fileRef = 31D3BA6D29BEC31E00ADD58E /* GameScene.swift */; };
		31D3BA7029BEC31E00ADD58E /* GameViewController.swift in Sources */ = {isa = PBXBuildFile; fileRef = 31D3BA6F29BEC31E00ADD58E /* GameViewController.swift */; };
		31D3BA7329BEC31E00ADD58E /* Main.storyboard in Resources */ = {isa = PBXBuildFile; fileRef = 31D3BA7129BEC31E00ADD58E /* Main.storyboard */; };
		31D3BA7529BEC32100ADD58E /* Assets.xcassets in Resources */ = {isa = PBXBuildFile; fileRef = 31D3BA7429BEC32100ADD58E /* Assets.xcassets */; };
		31D3BA7829BEC32100ADD58E /* LaunchScreen.storyboard in Resources */ = {isa = PBXBuildFile; fileRef = 31D3BA7629BEC32100ADD58E /* LaunchScreen.storyboard */; };
		31D3BA8C29BEC4C000ADD58E /* rimouski sb.otf in Resources */ = {isa = PBXBuildFile; fileRef = 31D3BA8429BEC4C000ADD58E /* rimouski sb.otf */; };
		31D3BA8D29BEC4C000ADD58E /* wheaton capitals.otf in Resources */ = {isa = PBXBuildFile; fileRef = 31D3BA8529BEC4C000ADD58E /* wheaton capitals.otf */; };
		31D3BA8E29BEC4C000ADD58E /* jump.wav in Resources */ = {isa = PBXBuildFile; fileRef = 31D3BA8729BEC4C000ADD58E /* jump.wav */; };
		31D3BA8F29BEC4C000ADD58E /* superScore.wav in Resources */ = {isa = PBXBuildFile; fileRef = 31D3BA8829BEC4C000ADD58E /* superScore.wav */; };
		31D3BA9029BEC4C000ADD58E /* collision.wav in Resources */ = {isa = PBXBuildFile; fileRef = 31D3BA8929BEC4C000ADD58E /* collision.wav */; };
		31D3BA9129BEC4C000ADD58E /* btn.wav in Resources */ = {isa = PBXBuildFile; fileRef = 31D3BA8A29BEC4C000ADD58E /* btn.wav */; };
		31D3BA9229BEC4C000ADD58E /* score.wav in Resources */ = {isa = PBXBuildFile; fileRef = 31D3BA8B29BEC4C000ADD58E /* score.wav */; };
		31D3BA9629BECE8E00ADD58E /* PlayerNode.swift in Sources */ = {isa = PBXBuildFile; fileRef = 31D3BA9529BECE8E00ADD58E /* PlayerNode.swift */; };
		31D3BA9929BED40B00ADD58E /* UIColor+Ext.swift in Sources */ = {isa = PBXBuildFile; fileRef = 31D3BA9829BED40B00ADD58E /* UIColor+Ext.swift */; };
/* End PBXBuildFile section */

/* Begin PBXFileReference section */
		3112D2B929BF981D006C0AB7 /* WallNode.swift */ = {isa = PBXFileReference; lastKnownFileType = sourcecode.swift; path = WallNode.swift; sourceTree = "<group>"; };
		3112D2BB29BF983F006C0AB7 /* SideNode.swift */ = {isa = PBXFileReference; lastKnownFileType = sourcecode.swift; path = SideNode.swift; sourceTree = "<group>"; };
		3112D2BE29BF99BA006C0AB7 /* Types.swift */ = {isa = PBXFileReference; lastKnownFileType = sourcecode.swift; path = Types.swift; sourceTree = "<group>"; };
		3112D2C029C1670E006C0AB7 /* HUDNode.swift */ = {isa = PBXFileReference; lastKnownFileType = sourcecode.swift; path = HUDNode.swift; sourceTree = "<group>"; };
		31D3BA6429BEC31E00ADD58E /* PraCima.app */ = {isa = PBXFileReference; explicitFileType = wrapper.application; includeInIndex = 0; path = PraCima.app; sourceTree = BUILT_PRODUCTS_DIR; };
		31D3BA6729BEC31E00ADD58E /* AppDelegate.swift */ = {isa = PBXFileReference; lastKnownFileType = sourcecode.swift; path = AppDelegate.swift; sourceTree = "<group>"; };
		31D3BA6929BEC31E00ADD58E /* GameScene.sks */ = {isa = PBXFileReference; lastKnownFileType = file.sks; path = GameScene.sks; sourceTree = "<group>"; };
		31D3BA6B29BEC31E00ADD58E /* Actions.sks */ = {isa = PBXFileReference; lastKnownFileType = file.sks; path = Actions.sks; sourceTree = "<group>"; };
		31D3BA6D29BEC31E00ADD58E /* GameScene.swift */ = {isa = PBXFileReference; lastKnownFileType = sourcecode.swift; path = GameScene.swift; sourceTree = "<group>"; };
		31D3BA6F29BEC31E00ADD58E /* GameViewController.swift */ = {isa = PBXFileReference; lastKnownFileType = sourcecode.swift; path = GameViewController.swift; sourceTree = "<group>"; };
		31D3BA7229BEC31E00ADD58E /* Base */ = {isa = PBXFileReference; lastKnownFileType = file.storyboard; name = Base; path = Base.lproj/Main.storyboard; sourceTree = "<group>"; };
		31D3BA7429BEC32100ADD58E /* Assets.xcassets */ = {isa = PBXFileReference; lastKnownFileType = folder.assetcatalog; path = Assets.xcassets; sourceTree = "<group>"; };
		31D3BA7729BEC32100ADD58E /* Base */ = {isa = PBXFileReference; lastKnownFileType = file.storyboard; name = Base; path = Base.lproj/LaunchScreen.storyboard; sourceTree = "<group>"; };
		31D3BA8429BEC4C000ADD58E /* rimouski sb.otf */ = {isa = PBXFileReference; lastKnownFileType = file; path = "rimouski sb.otf"; sourceTree = "<group>"; };
		31D3BA8529BEC4C000ADD58E /* wheaton capitals.otf */ = {isa = PBXFileReference; lastKnownFileType = file; path = "wheaton capitals.otf"; sourceTree = "<group>"; };
		31D3BA8729BEC4C000ADD58E /* jump.wav */ = {isa = PBXFileReference; lastKnownFileType = audio.wav; path = jump.wav; sourceTree = "<group>"; };
		31D3BA8829BEC4C000ADD58E /* superScore.wav */ = {isa = PBXFileReference; lastKnownFileType = audio.wav; path = superScore.wav; sourceTree = "<group>"; };
		31D3BA8929BEC4C000ADD58E /* collision.wav */ = {isa = PBXFileReference; lastKnownFileType = audio.wav; path = collision.wav; sourceTree = "<group>"; };
		31D3BA8A29BEC4C000ADD58E /* btn.wav */ = {isa = PBXFileReference; lastKnownFileType = audio.wav; path = btn.wav; sourceTree = "<group>"; };
		31D3BA8B29BEC4C000ADD58E /* score.wav */ = {isa = PBXFileReference; lastKnownFileType = audio.wav; path = score.wav; sourceTree = "<group>"; };
		31D3BA9329BEC54100ADD58E /* Info.plist */ = {isa = PBXFileReference; lastKnownFileType = text.plist.xml; path = Info.plist; sourceTree = "<group>"; };
		31D3BA9529BECE8E00ADD58E /* PlayerNode.swift */ = {isa = PBXFileReference; lastKnownFileType = sourcecode.swift; path = PlayerNode.swift; sourceTree = "<group>"; };
		31D3BA9829BED40B00ADD58E /* UIColor+Ext.swift */ = {isa = PBXFileReference; lastKnownFileType = sourcecode.swift; path = "UIColor+Ext.swift"; sourceTree = "<group>"; };
/* End PBXFileReference section */

/* Begin PBXFrameworksBuildPhase section */
		31D3BA6129BEC31E00ADD58E /* Frameworks */ = {
			isa = PBXFrameworksBuildPhase;
			buildActionMask = 2147483647;
			files = (
			);
			runOnlyForDeploymentPostprocessing = 0;
		};
/* End PBXFrameworksBuildPhase section */

/* Begin PBXGroup section */
		3112D2BD29BF99A2006C0AB7 /* MyUtils */ = {
			isa = PBXGroup;
			children = (
				3112D2BE29BF99BA006C0AB7 /* Types.swift */,
			);
			path = MyUtils;
			sourceTree = "<group>";
		};
		31D3BA5B29BEC31E00ADD58E = {
			isa = PBXGroup;
			children = (
				31D3BA6629BEC31E00ADD58E /* PraCima */,
				31D3BA6529BEC31E00ADD58E /* Products */,
			);
			sourceTree = "<group>";
		};
		31D3BA6529BEC31E00ADD58E /* Products */ = {
			isa = PBXGroup;
			children = (
				31D3BA6429BEC31E00ADD58E /* PraCima.app */,
			);
			name = Products;
			sourceTree = "<group>";
		};
		31D3BA6629BEC31E00ADD58E /* PraCima */ = {
			isa = PBXGroup;
			children = (
				31D3BA7E29BEC3FC00ADD58E /* Delegates */,
				31D3BA6929BEC31E00ADD58E /* GameScene.sks */,
				31D3BA6B29BEC31E00ADD58E /* Actions.sks */,
				3112D2BD29BF99A2006C0AB7 /* MyUtils */,
				31D3BA9729BED3ED00ADD58E /* Extension */,
				31D3BA9429BECE7600ADD58E /* Nodes */,
				31D3BA7F29BEC41300ADD58E /* Scenes */,
				31D3BA8029BEC42400ADD58E /* Controllers */,
				31D3BA8129BEC44C00ADD58E /* Mains */,
				31D3BA8229BEC48B00ADD58E /* Resources */,
			);
			path = PraCima;
			sourceTree = "<group>";
		};
		31D3BA7E29BEC3FC00ADD58E /* Delegates */ = {
			isa = PBXGroup;
			children = (
				31D3BA6729BEC31E00ADD58E /* AppDelegate.swift */,
			);
			path = Delegates;
			sourceTree = "<group>";
		};
		31D3BA7F29BEC41300ADD58E /* Scenes */ = {
			isa = PBXGroup;
			children = (
				31D3BA6D29BEC31E00ADD58E /* GameScene.swift */,
			);
			path = Scenes;
			sourceTree = "<group>";
		};
		31D3BA8029BEC42400ADD58E /* Controllers */ = {
			isa = PBXGroup;
			children = (
				31D3BA6F29BEC31E00ADD58E /* GameViewController.swift */,
			);
			path = Controllers;
			sourceTree = "<group>";
		};
		31D3BA8129BEC44C00ADD58E /* Mains */ = {
			isa = PBXGroup;
			children = (
				31D3BA7129BEC31E00ADD58E /* Main.storyboard */,
				31D3BA7629BEC32100ADD58E /* LaunchScreen.storyboard */,
			);
			path = Mains;
			sourceTree = "<group>";
		};
		31D3BA8229BEC48B00ADD58E /* Resources */ = {
			isa = PBXGroup;
			children = (
				31D3BA9329BEC54100ADD58E /* Info.plist */,
				31D3BA8329BEC4C000ADD58E /* Fonts */,
				31D3BA8629BEC4C000ADD58E /* Sounds */,
				31D3BA7429BEC32100ADD58E /* Assets.xcassets */,
			);
			path = Resources;
			sourceTree = "<group>";
		};
		31D3BA8329BEC4C000ADD58E /* Fonts */ = {
			isa = PBXGroup;
			children = (
				31D3BA8429BEC4C000ADD58E /* rimouski sb.otf */,
				31D3BA8529BEC4C000ADD58E /* wheaton capitals.otf */,
			);
			path = Fonts;
			sourceTree = "<group>";
		};
		31D3BA8629BEC4C000ADD58E /* Sounds */ = {
			isa = PBXGroup;
			children = (
				31D3BA8729BEC4C000ADD58E /* jump.wav */,
				31D3BA8829BEC4C000ADD58E /* superScore.wav */,
				31D3BA8929BEC4C000ADD58E /* collision.wav */,
				31D3BA8A29BEC4C000ADD58E /* btn.wav */,
				31D3BA8B29BEC4C000ADD58E /* score.wav */,
			);
			path = Sounds;
			sourceTree = "<group>";
		};
		31D3BA9429BECE7600ADD58E /* Nodes */ = {
			isa = PBXGroup;
			children = (
				31D3BA9529BECE8E00ADD58E /* PlayerNode.swift */,
				3112D2B929BF981D006C0AB7 /* WallNode.swift */,
				3112D2BB29BF983F006C0AB7 /* SideNode.swift */,
				3112D2C029C1670E006C0AB7 /* HUDNode.swift */,
			);
			path = Nodes;
			sourceTree = "<group>";
		};
		31D3BA9729BED3ED00ADD58E /* Extension */ = {
			isa = PBXGroup;
			children = (
				31D3BA9829BED40B00ADD58E /* UIColor+Ext.swift */,
			);
			path = Extension;
			sourceTree = "<group>";
		};
/* End PBXGroup section */

/* Begin PBXNativeTarget section */
		31D3BA6329BEC31E00ADD58E /* PraCima */ = {
			isa = PBXNativeTarget;
			buildConfigurationList = 31D3BA7B29BEC32100ADD58E /* Build configuration list for PBXNativeTarget "PraCima" */;
			buildPhases = (
				31D3BA6029BEC31E00ADD58E /* Sources */,
				31D3BA6129BEC31E00ADD58E /* Frameworks */,
				31D3BA6229BEC31E00ADD58E /* Resources */,
			);
			buildRules = (
			);
			dependencies = (
			);
			name = PraCima;
			productName = PraCima;
			productReference = 31D3BA6429BEC31E00ADD58E /* PraCima.app */;
			productType = "com.apple.product-type.application";
		};
/* End PBXNativeTarget section */

/* Begin PBXProject section */
		31D3BA5C29BEC31E00ADD58E /* Project object */ = {
			isa = PBXProject;
			attributes = {
				BuildIndependentTargetsInParallel = 1;
				LastSwiftUpdateCheck = 1420;
				LastUpgradeCheck = 1420;
				TargetAttributes = {
					31D3BA6329BEC31E00ADD58E = {
						CreatedOnToolsVersion = 14.2;
					};
				};
			};
			buildConfigurationList = 31D3BA5F29BEC31E00ADD58E /* Build configuration list for PBXProject "PraCima" */;
			compatibilityVersion = "Xcode 14.0";
			developmentRegion = en;
			hasScannedForEncodings = 0;
			knownRegions = (
				en,
				Base,
			);
			mainGroup = 31D3BA5B29BEC31E00ADD58E;
			productRefGroup = 31D3BA6529BEC31E00ADD58E /* Products */;
			projectDirPath = "";
			projectRoot = "";
			targets = (
				31D3BA6329BEC31E00ADD58E /* PraCima */,
			);
		};
/* End PBXProject section */

/* Begin PBXResourcesBuildPhase section */
		31D3BA6229BEC31E00ADD58E /* Resources */ = {
			isa = PBXResourcesBuildPhase;
			buildActionMask = 2147483647;
			files = (
				31D3BA8E29BEC4C000ADD58E /* jump.wav in Resources */,
				31D3BA9229BEC4C000ADD58E /* score.wav in Resources */,
				31D3BA8C29BEC4C000ADD58E /* rimouski sb.otf in Resources */,
				31D3BA7329BEC31E00ADD58E /* Main.storyboard in Resources */,
				31D3BA8F29BEC4C000ADD58E /* superScore.wav in Resources */,
				31D3BA6A29BEC31E00ADD58E /* GameScene.sks in Resources */,
				31D3BA9129BEC4C000ADD58E /* btn.wav in Resources */,
				31D3BA7529BEC32100ADD58E /* Assets.xcassets in Resources */,
				31D3BA7829BEC32100ADD58E /* LaunchScreen.storyboard in Resources */,
				31D3BA8D29BEC4C000ADD58E /* wheaton capitals.otf in Resources */,
				31D3BA6C29BEC31E00ADD58E /* Actions.sks in Resources */,
				31D3BA9029BEC4C000ADD58E /* collision.wav in Resources */,
			);
			runOnlyForDeploymentPostprocessing = 0;
		};
/* End PBXResourcesBuildPhase section */

/* Begin PBXSourcesBuildPhase section */
		31D3BA6029BEC31E00ADD58E /* Sources */ = {
			isa = PBXSourcesBuildPhase;
			buildActionMask = 2147483647;
			files = (
				31D3BA6E29BEC31E00ADD58E /* GameScene.swift in Sources */,
				31D3BA7029BEC31E00ADD58E /* GameViewController.swift in Sources */,
				31D3BA9929BED40B00ADD58E /* UIColor+Ext.swift in Sources */,
				3112D2BF29BF99BA006C0AB7 /* Types.swift in Sources */,
				31D3BA9629BECE8E00ADD58E /* PlayerNode.swift in Sources */,
				31D3BA6829BEC31E00ADD58E /* AppDelegate.swift in Sources */,
				3112D2BA29BF981D006C0AB7 /* WallNode.swift in Sources */,
				3112D2C129C1670E006C0AB7 /* HUDNode.swift in Sources */,
				3112D2BC29BF983F006C0AB7 /* SideNode.swift in Sources */,
			);
			runOnlyForDeploymentPostprocessing = 0;
		};
/* End PBXSourcesBuildPhase section */

/* Begin PBXVariantGroup section */
		31D3BA7129BEC31E00ADD58E /* Main.storyboard */ = {
			isa = PBXVariantGroup;
			children = (
				31D3BA7229BEC31E00ADD58E /* Base */,
			);
			name = Main.storyboard;
			sourceTree = "<group>";
		};
		31D3BA7629BEC32100ADD58E /* LaunchScreen.storyboard */ = {
			isa = PBXVariantGroup;
			children = (
				31D3BA7729BEC32100ADD58E /* Base */,
			);
			name = LaunchScreen.storyboard;
			sourceTree = "<group>";
		};
/* End PBXVariantGroup section */

/* Begin XCBuildConfiguration section */
		31D3BA7929BEC32100ADD58E /* Debug */ = {
			isa = XCBuildConfiguration;
			buildSettings = {
				ALWAYS_SEARCH_USER_PATHS = NO;
				CLANG_ANALYZER_NONNULL = YES;
				CLANG_ANALYZER_NUMBER_OBJECT_CONVERSION = YES_AGGRESSIVE;
				CLANG_CXX_LANGUAGE_STANDARD = "gnu++20";
				CLANG_ENABLE_MODULES = YES;
				CLANG_ENABLE_OBJC_ARC = YES;
				CLANG_ENABLE_OBJC_WEAK = YES;
				CLANG_WARN_BLOCK_CAPTURE_AUTORELEASING = YES;
				CLANG_WARN_BOOL_CONVERSION = YES;
				CLANG_WARN_COMMA = YES;
				CLANG_WARN_CONSTANT_CONVERSION = YES;
				CLANG_WARN_DEPRECATED_OBJC_IMPLEMENTATIONS = YES;
				CLANG_WARN_DIRECT_OBJC_ISA_USAGE = YES_ERROR;
				CLANG_WARN_DOCUMENTATION_COMMENTS = YES;
				CLANG_WARN_EMPTY_BODY = YES;
				CLANG_WARN_ENUM_CONVERSION = YES;
				CLANG_WARN_INFINITE_RECURSION = YES;
				CLANG_WARN_INT_CONVERSION = YES;
				CLANG_WARN_NON_LITERAL_NULL_CONVERSION = YES;
				CLANG_WARN_OBJC_IMPLICIT_RETAIN_SELF = YES;
				CLANG_WARN_OBJC_LITERAL_CONVERSION = YES;
				CLANG_WARN_OBJC_ROOT_CLASS = YES_ERROR;
				CLANG_WARN_QUOTED_INCLUDE_IN_FRAMEWORK_HEADER = YES;
				CLANG_WARN_RANGE_LOOP_ANALYSIS = YES;
				CLANG_WARN_STRICT_PROTOTYPES = YES;
				CLANG_WARN_SUSPICIOUS_MOVE = YES;
				CLANG_WARN_UNGUARDED_AVAILABILITY = YES_AGGRESSIVE;
				CLANG_WARN_UNREACHABLE_CODE = YES;
				CLANG_WARN__DUPLICATE_METHOD_MATCH = YES;
				COPY_PHASE_STRIP = NO;
				DEBUG_INFORMATION_FORMAT = dwarf;
				ENABLE_STRICT_OBJC_MSGSEND = YES;
				ENABLE_TESTABILITY = YES;
				GCC_C_LANGUAGE_STANDARD = gnu11;
				GCC_DYNAMIC_NO_PIC = NO;
				GCC_NO_COMMON_BLOCKS = YES;
				GCC_OPTIMIZATION_LEVEL = 0;
				GCC_PREPROCESSOR_DEFINITIONS = (
					"DEBUG=1",
					"$(inherited)",
				);
				GCC_WARN_64_TO_32_BIT_CONVERSION = YES;
				GCC_WARN_ABOUT_RETURN_TYPE = YES_ERROR;
				GCC_WARN_UNDECLARED_SELECTOR = YES;
				GCC_WARN_UNINITIALIZED_AUTOS = YES_AGGRESSIVE;
				GCC_WARN_UNUSED_FUNCTION = YES;
				GCC_WARN_UNUSED_VARIABLE = YES;
				IPHONEOS_DEPLOYMENT_TARGET = 16.2;
				MTL_ENABLE_DEBUG_INFO = INCLUDE_SOURCE;
				MTL_FAST_MATH = YES;
				ONLY_ACTIVE_ARCH = YES;
				SDKROOT = iphoneos;
				SWIFT_ACTIVE_COMPILATION_CONDITIONS = DEBUG;
				SWIFT_OPTIMIZATION_LEVEL = "-Onone";
			};
			name = Debug;
		};
		31D3BA7A29BEC32100ADD58E /* Release */ = {
			isa = XCBuildConfiguration;
			buildSettings = {
				ALWAYS_SEARCH_USER_PATHS = NO;
				CLANG_ANALYZER_NONNULL = YES;
				CLANG_ANALYZER_NUMBER_OBJECT_CONVERSION = YES_AGGRESSIVE;
				CLANG_CXX_LANGUAGE_STANDARD = "gnu++20";
				CLANG_ENABLE_MODULES = YES;
				CLANG_ENABLE_OBJC_ARC = YES;
				CLANG_ENABLE_OBJC_WEAK = YES;
				CLANG_WARN_BLOCK_CAPTURE_AUTORELEASING = YES;
				CLANG_WARN_BOOL_CONVERSION = YES;
				CLANG_WARN_COMMA = YES;
				CLANG_WARN_CONSTANT_CONVERSION = YES;
				CLANG_WARN_DEPRECATED_OBJC_IMPLEMENTATIONS = YES;
				CLANG_WARN_DIRECT_OBJC_ISA_USAGE = YES_ERROR;
				CLANG_WARN_DOCUMENTATION_COMMENTS = YES;
				CLANG_WARN_EMPTY_BODY = YES;
				CLANG_WARN_ENUM_CONVERSION = YES;
				CLANG_WARN_INFINITE_RECURSION = YES;
				CLANG_WARN_INT_CONVERSION = YES;
				CLANG_WARN_NON_LITERAL_NULL_CONVERSION = YES;
				CLANG_WARN_OBJC_IMPLICIT_RETAIN_SELF = YES;
				CLANG_WARN_OBJC_LITERAL_CONVERSION = YES;
				CLANG_WARN_OBJC_ROOT_CLASS = YES_ERROR;
				CLANG_WARN_QUOTED_INCLUDE_IN_FRAMEWORK_HEADER = YES;
				CLANG_WARN_RANGE_LOOP_ANALYSIS = YES;
				CLANG_WARN_STRICT_PROTOTYPES = YES;
				CLANG_WARN_SUSPICIOUS_MOVE = YES;
				CLANG_WARN_UNGUARDED_AVAILABILITY = YES_AGGRESSIVE;
				CLANG_WARN_UNREACHABLE_CODE = YES;
				CLANG_WARN__DUPLICATE_METHOD_MATCH = YES;
				COPY_PHASE_STRIP = NO;
				DEBUG_INFORMATION_FORMAT = "dwarf-with-dsym";
				ENABLE_NS_ASSERTIONS = NO;
				ENABLE_STRICT_OBJC_MSGSEND = YES;
				GCC_C_LANGUAGE_STANDARD = gnu11;
				GCC_NO_COMMON_BLOCKS = YES;
				GCC_WARN_64_TO_32_BIT_CONVERSION = YES;
				GCC_WARN_ABOUT_RETURN_TYPE = YES_ERROR;
				GCC_WARN_UNDECLARED_SELECTOR = YES;
				GCC_WARN_UNINITIALIZED_AUTOS = YES_AGGRESSIVE;
				GCC_WARN_UNUSED_FUNCTION = YES;
				GCC_WARN_UNUSED_VARIABLE = YES;
				IPHONEOS_DEPLOYMENT_TARGET = 16.2;
				MTL_ENABLE_DEBUG_INFO = NO;
				MTL_FAST_MATH = YES;
				SDKROOT = iphoneos;
				SWIFT_COMPILATION_MODE = wholemodule;
				SWIFT_OPTIMIZATION_LEVEL = "-O";
				VALIDATE_PRODUCT = YES;
			};
			name = Release;
		};
		31D3BA7C29BEC32100ADD58E /* Debug */ = {
			isa = XCBuildConfiguration;
			buildSettings = {
				ASSETCATALOG_COMPILER_APPICON_NAME = AppIcon;
				ASSETCATALOG_COMPILER_GLOBAL_ACCENT_COLOR_NAME = AccentColor;
				CODE_SIGN_STYLE = Automatic;
				CURRENT_PROJECT_VERSION = 1;
				DEVELOPMENT_TEAM = MRWW7972SX;
				GENERATE_INFOPLIST_FILE = YES;
				INFOPLIST_FILE = PraCima/Resources/Info.plist;
				INFOPLIST_KEY_UIApplicationSupportsIndirectInputEvents = YES;
				INFOPLIST_KEY_UILaunchStoryboardName = LaunchScreen;
				INFOPLIST_KEY_UIMainStoryboardFile = Main;
				INFOPLIST_KEY_UIRequiresFullScreen = YES;
				INFOPLIST_KEY_UIStatusBarHidden = YES;
				INFOPLIST_KEY_UISupportedInterfaceOrientations = UIInterfaceOrientationPortrait;
				IPHONEOS_DEPLOYMENT_TARGET = 13.0;
				LD_RUNPATH_SEARCH_PATHS = (
					"$(inherited)",
					"@executable_path/Frameworks",
				);
				MARKETING_VERSION = 1.0;
				PRODUCT_BUNDLE_IDENTIFIER = com.silvaneimartins.PraCima;
				PRODUCT_NAME = "$(TARGET_NAME)";
				SWIFT_EMIT_LOC_STRINGS = YES;
				SWIFT_VERSION = 5.0;
				TARGETED_DEVICE_FAMILY = "1,2";
			};
			name = Debug;
		};
		31D3BA7D29BEC32100ADD58E /* Release */ = {
			isa = XCBuildConfiguration;
			buildSettings = {
				ASSETCATALOG_COMPILER_APPICON_NAME = AppIcon;
				ASSETCATALOG_COMPILER_GLOBAL_ACCENT_COLOR_NAME = AccentColor;
				CODE_SIGN_STYLE = Automatic;
				CURRENT_PROJECT_VERSION = 1;
				DEVELOPMENT_TEAM = MRWW7972SX;
				GENERATE_INFOPLIST_FILE = YES;
				INFOPLIST_FILE = PraCima/Resources/Info.plist;
				INFOPLIST_KEY_UIApplicationSupportsIndirectInputEvents = YES;
				INFOPLIST_KEY_UILaunchStoryboardName = LaunchScreen;
				INFOPLIST_KEY_UIMainStoryboardFile = Main;
				INFOPLIST_KEY_UIRequiresFullScreen = YES;
				INFOPLIST_KEY_UIStatusBarHidden = YES;
				INFOPLIST_KEY_UISupportedInterfaceOrientations = UIInterfaceOrientationPortrait;
				IPHONEOS_DEPLOYMENT_TARGET = 13.0;
				LD_RUNPATH_SEARCH_PATHS = (
					"$(inherited)",
					"@executable_path/Frameworks",
				);
				MARKETING_VERSION = 1.0;
				PRODUCT_BUNDLE_IDENTIFIER = com.silvaneimartins.PraCima;
				PRODUCT_NAME = "$(TARGET_NAME)";
				SWIFT_EMIT_LOC_STRINGS = YES;
				SWIFT_VERSION = 5.0;
				TARGETED_DEVICE_FAMILY = "1,2";
			};
			name = Release;
		};
/* End XCBuildConfiguration section */

/* Begin XCConfigurationList section */
		31D3BA5F29BEC31E00ADD58E /* Build configuration list for PBXProject "PraCima" */ = {
			isa = XCConfigurationList;
			buildConfigurations = (
				31D3BA7929BEC32100ADD58E /* Debug */,
				31D3BA7A29BEC32100ADD58E /* Release */,
			);
			defaultConfigurationIsVisible = 0;
			defaultConfigurationName = Release;
		};
		31D3BA7B29BEC32100ADD58E /* Build configuration list for PBXNativeTarget "PraCima" */ = {
			isa = XCConfigurationList;
			buildConfigurations = (
				31D3BA7C29BEC32100ADD58E /* Debug */,
				31D3BA7D29BEC32100ADD58E /* Release */,
			);
			defaultConfigurationIsVisible = 0;
			defaultConfigurationName = Release;
		};
/* End XCConfigurationList section */
	};
	rootObject = 31D3BA5C29BEC31E00ADD58E /* Project object */;
}
